PODS:
  - AFNetworking (2.2.1):
    - AFNetworking/NSURLConnection
    - AFNetworking/NSURLSession
    - AFNetworking/Reachability
    - AFNetworking/Security
    - AFNetworking/Serialization
    - AFNetworking/UIKit
  - AFNetworking/NSURLConnection (2.2.1):
    - AFNetworking/Reachability
    - AFNetworking/Security
    - AFNetworking/Serialization
  - AFNetworking/NSURLSession (2.2.1):
    - AFNetworking/NSURLConnection
  - AFNetworking/Reachability (2.2.1)
  - AFNetworking/Security (2.2.1)
  - AFNetworking/Serialization (2.2.1)
  - AFNetworking/UIKit (2.2.1):
    - AFNetworking/NSURLConnection
    - AFNetworking/NSURLSession
  - BDBOAuth1Manager (1.2.0):
    - AFNetworking/NSURLConnection (~> 2.2.0)
    - AFNetworking/NSURLSession (~> 2.2.0)
  - MBProgressHUD (0.8)
  - PullToRefresh (0.0.1)
  - SDWebImage (3.5.4):
    - SDWebImage/Core
  - SDWebImage/Core (3.5.4)

DEPENDENCIES:
  - AFNetworking
  - BDBOAuth1Manager
  - MBProgressHUD (~> 0.8)
  - PullToRefresh (~> 0.0.1)
  - SDWebImage (~> 3.5)

SPEC CHECKSUMS:
  AFNetworking: 0121f4b69be3fa58d1ab317866e036e12ac9651d
  BDBOAuth1Manager: 25d18d56820695aa18aae44eecad55829274a290
  MBProgressHUD: 2bbc6f470111daf7f3eaa4eb12b8cbf01c4c0622
  PullToRefresh: d296df4515b0d4b1a7be445edbae31fc612c5016
  SDWebImage: 1a62010700adbba823b621fc217906739dbf6aa5

COCOAPODS: 0.29.0
